// !$*UTF8*$!
{
	archiveVersion = 1;
	classes = {
	};
	objectVersion = 77;
	objects = {

/* Begin PBXContainerItemProxy section */
		0E2E5DBF2DE06E1B001635CF /* PBXContainerItemProxy */ = {
			isa = PBXContainerItemProxy;
			containerPortal = 0E2E5DA02DE06E19001635CF /* Project object */;
			proxyType = 1;
			remoteGlobalIDString = 0E2E5DA72DE06E19001635CF;
			remoteInfo = RIckYMortyUIKIt...;
		};
		0E2E5DC92DE06E1B001635CF /* PBXContainerItemProxy */ = {
			isa = PBXContainerItemProxy;
			containerPortal = 0E2E5DA02DE06E19001635CF /* Project object */;
			proxyType = 1;
			remoteGlobalIDString = 0E2E5DA72DE06E19001635CF;
			remoteInfo = RIckYMortyUIKIt...;
		};
/* End PBXContainerItemProxy section */

/* Begin PBXFileReference section */
		0E2E5DA82DE06E19001635CF /* RIckYMortyUIKIt....app */ = {isa = PBXFileReference; explicitFileType = wrapper.application; includeInIndex = 0; path = RIckYMortyUIKIt....app; sourceTree = BUILT_PRODUCTS_DIR; };
		0E2E5DBE2DE06E1B001635CF /* RIckYMortyUIKIt...Tests.xctest */ = {isa = PBXFileReference; explicitFileType = wrapper.cfbundle; includeInIndex = 0; path = RIckYMortyUIKIt...Tests.xctest; sourceTree = BUILT_PRODUCTS_DIR; };
		0E2E5DC82DE06E1B001635CF /* RIckYMortyUIKIt...UITests.xctest */ = {isa = PBXFileReference; explicitFileType = wrapper.cfbundle; includeInIndex = 0; path = RIckYMortyUIKIt...UITests.xctest; sourceTree = BUILT_PRODUCTS_DIR; };
/* End PBXFileReference section */

/* Begin PBXFileSystemSynchronizedBuildFileExceptionSet section */
		0E2E5DD02DE06E1B001635CF /* Exceptions for "RIckYMortyUIKIt..." folder in "RIckYMortyUIKIt..." target */ = {
			isa = PBXFileSystemSynchronizedBuildFileExceptionSet;
			membershipExceptions = (
				Info.plist,
			);
			target = 0E2E5DA72DE06E19001635CF /* RIckYMortyUIKIt... */;
		};
/* End PBXFileSystemSynchronizedBuildFileExceptionSet section */

/* Begin PBXFileSystemSynchronizedRootGroup section */
		0E2E5DAA2DE06E19001635CF /* RIckYMortyUIKIt... */ = {
			isa = PBXFileSystemSynchronizedRootGroup;
			exceptions = (
				0E2E5DD02DE06E1B001635CF /* Exceptions for "RIckYMortyUIKIt..." folder in "RIckYMortyUIKIt..." target */,
			);
			path = RIckYMortyUIKIt...;
			sourceTree = "<group>";
		};
		0E2E5DC12DE06E1B001635CF /* RIckYMortyUIKIt...Tests */ = {
			isa = PBXFileSystemSynchronizedRootGroup;
			path = RIckYMortyUIKIt...Tests;
			sourceTree = "<group>";
		};
		0E2E5DCB2DE06E1B001635CF /* RIckYMortyUIKIt...UITests */ = {
			isa = PBXFileSystemSynchronizedRootGroup;
			path = RIckYMortyUIKIt...UITests;
			sourceTree = "<group>";
		};
/* End PBXFileSystemSynchronizedRootGroup section */

/* Begin PBXFrameworksBuildPhase section */
		0E2E5DA52DE06E19001635CF /* Frameworks */ = {
			isa = PBXFrameworksBuildPhase;
			buildActionMask = 2147483647;
			files = (
			);
			runOnlyForDeploymentPostprocessing = 0;
		};
		0E2E5DBB2DE06E1B001635CF /* Frameworks */ = {
			isa = PBXFrameworksBuildPhase;
			buildActionMask = 2147483647;
			files = (
			);
			runOnlyForDeploymentPostprocessing = 0;
		};
		0E2E5DC52DE06E1B001635CF /* Frameworks */ = {
			isa = PBXFrameworksBuildPhase;
			buildActionMask = 2147483647;
			files = (
			);
			runOnlyForDeploymentPostprocessing = 0;
		};
/* End PBXFrameworksBuildPhase section */

/* Begin PBXGroup section */
		0E2E5D9F2DE06E19001635CF = {
			isa = PBXGroup;
			children = (
				0E2E5DAA2DE06E19001635CF /* RIckYMortyUIKIt... */,
				0E2E5DC12DE06E1B001635CF /* RIckYMortyUIKIt...Tests */,
				0E2E5DCB2DE06E1B001635CF /* RIckYMortyUIKIt...UITests */,
				0E2E5DA92DE06E19001635CF /* Products */,
			);
			sourceTree = "<group>";
		};
		0E2E5DA92DE06E19001635CF /* Products */ = {
			isa = PBXGroup;
			children = (
				0E2E5DA82DE06E19001635CF /* RIckYMortyUIKIt....app */,
				0E2E5DBE2DE06E1B001635CF /* RIckYMortyUIKIt...Tests.xctest */,
				0E2E5DC82DE06E1B001635CF /* RIckYMortyUIKIt...UITests.xctest */,
			);
			name = Products;
			sourceTree = "<group>";
		};
/* End PBXGroup section */

/* Begin PBXNativeTarget section */
		0E2E5DA72DE06E19001635CF /* RIckYMortyUIKIt... */ = {
			isa = PBXNativeTarget;
			buildConfigurationList = 0E2E5DD12DE06E1B001635CF /* Build configuration list for PBXNativeTarget "RIckYMortyUIKIt..." */;
			buildPhases = (
				0E2E5DA42DE06E19001635CF /* Sources */,
				0E2E5DA52DE06E19001635CF /* Frameworks */,
				0E2E5DA62DE06E19001635CF /* Resources */,
			);
			buildRules = (
			);
			dependencies = (
			);
			fileSystemSynchronizedGroups = (
				0E2E5DAA2DE06E19001635CF /* RIckYMortyUIKIt... */,
			);
			name = RIckYMortyUIKIt...;
			packageProductDependencies = (
			);
			productName = RIckYMortyUIKIt...;
			productReference = 0E2E5DA82DE06E19001635CF /* RIckYMortyUIKIt....app */;
			productType = "com.apple.product-type.application";
		};
		0E2E5DBD2DE06E1B001635CF /* RIckYMortyUIKIt...Tests */ = {
			isa = PBXNativeTarget;
			buildConfigurationList = 0E2E5DD62DE06E1B001635CF /* Build configuration list for PBXNativeTarget "RIckYMortyUIKIt...Tests" */;
			buildPhases = (
				0E2E5DBA2DE06E1B001635CF /* Sources */,
				0E2E5DBB2DE06E1B001635CF /* Frameworks */,
				0E2E5DBC2DE06E1B001635CF /* Resources */,
			);
			buildRules = (
			);
			dependencies = (
				0E2E5DC02DE06E1B001635CF /* PBXTargetDependency */,
			);
			fileSystemSynchronizedGroups = (
				0E2E5DC12DE06E1B001635CF /* RIckYMortyUIKIt...Tests */,
			);
			name = RIckYMortyUIKIt...Tests;
			packageProductDependencies = (
			);
			productName = RIckYMortyUIKIt...Tests;
			productReference = 0E2E5DBE2DE06E1B001635CF /* RIckYMortyUIKIt...Tests.xctest */;
			productType = "com.apple.product-type.bundle.unit-test";
		};
		0E2E5DC72DE06E1B001635CF /* RIckYMortyUIKIt...UITests */ = {
			isa = PBXNativeTarget;
			buildConfigurationList = 0E2E5DD92DE06E1B001635CF /* Build configuration list for PBXNativeTarget "RIckYMortyUIKIt...UITests" */;
			buildPhases = (
				0E2E5DC42DE06E1B001635CF /* Sources */,
				0E2E5DC52DE06E1B001635CF /* Frameworks */,
				0E2E5DC62DE06E1B001635CF /* Resources */,
			);
			buildRules = (
			);
			dependencies = (
				0E2E5DCA2DE06E1B001635CF /* PBXTargetDependency */,
			);
			fileSystemSynchronizedGroups = (
				0E2E5DCB2DE06E1B001635CF /* RIckYMortyUIKIt...UITests */,
			);
			name = RIckYMortyUIKIt...UITests;
			packageProductDependencies = (
			);
			productName = RIckYMortyUIKIt...UITests;
			productReference = 0E2E5DC82DE06E1B001635CF /* RIckYMortyUIKIt...UITests.xctest */;
			productType = "com.apple.product-type.bundle.ui-testing";
		};
/* End PBXNativeTarget section */

/* Begin PBXProject section */
		0E2E5DA02DE06E19001635CF /* Project object */ = {
			isa = PBXProject;
			attributes = {
				BuildIndependentTargetsInParallel = 1;
				LastSwiftUpdateCheck = 1630;
				LastUpgradeCheck = 1630;
				TargetAttributes = {
					0E2E5DA72DE06E19001635CF = {
						CreatedOnToolsVersion = 16.3;
					};
					0E2E5DBD2DE06E1B001635CF = {
						CreatedOnToolsVersion = 16.3;
						TestTargetID = 0E2E5DA72DE06E19001635CF;
					};
					0E2E5DC72DE06E1B001635CF = {
						CreatedOnToolsVersion = 16.3;
						TestTargetID = 0E2E5DA72DE06E19001635CF;
					};
				};
			};
			buildConfigurationList = 0E2E5DA32DE06E19001635CF /* Build configuration list for PBXProject "RIckYMortyUIKIt..." */;
			developmentRegion = en;
			hasScannedForEncodings = 0;
			knownRegions = (
				en,
				Base,
			);
			mainGroup = 0E2E5D9F2DE06E19001635CF;
			minimizedProjectReferenceProxies = 1;
			preferredProjectObjectVersion = 77;
			productRefGroup = 0E2E5DA92DE06E19001635CF /* Products */;
			projectDirPath = "";
			projectRoot = "";
			targets = (
				0E2E5DA72DE06E19001635CF /* RIckYMortyUIKIt... */,
				0E2E5DBD2DE06E1B001635CF /* RIckYMortyUIKIt...Tests */,
				0E2E5DC72DE06E1B001635CF /* RIckYMortyUIKIt...UITests */,
			);
		};
/* End PBXProject section */

/* Begin PBXResourcesBuildPhase section */
		0E2E5DA62DE06E19001635CF /* Resources */ = {
			isa = PBXResourcesBuildPhase;
			buildActionMask = 2147483647;
			files = (
			);
			runOnlyForDeploymentPostprocessing = 0;
		};
		0E2E5DBC2DE06E1B001635CF /* Resources */ = {
			isa = PBXResourcesBuildPhase;
			buildActionMask = 2147483647;
			files = (
			);
			runOnlyForDeploymentPostprocessing = 0;
		};
		0E2E5DC62DE06E1B001635CF /* Resources */ = {
			isa = PBXResourcesBuildPhase;
			buildActionMask = 2147483647;
			files = (
			);
			runOnlyForDeploymentPostprocessing = 0;
		};
/* End PBXResourcesBuildPhase section */

/* Begin PBXSourcesBuildPhase section */
		0E2E5DA42DE06E19001635CF /* Sources */ = {
			isa = PBXSourcesBuildPhase;
			buildActionMask = 2147483647;
			files = (
			);
			runOnlyForDeploymentPostprocessing = 0;
		};
		0E2E5DBA2DE06E1B001635CF /* Sources */ = {
			isa = PBXSourcesBuildPhase;
			buildActionMask = 2147483647;
			files = (
			);
			runOnlyForDeploymentPostprocessing = 0;
		};
		0E2E5DC42DE06E1B001635CF /* Sources */ = {
			isa = PBXSourcesBuildPhase;
			buildActionMask = 2147483647;
			files = (
			);
			runOnlyForDeploymentPostprocessing = 0;
		};
/* End PBXSourcesBuildPhase section */

/* Begin PBXTargetDependency section */
		0E2E5DC02DE06E1B001635CF /* PBXTargetDependency */ = {
			isa = PBXTargetDependency;
			target = 0E2E5DA72DE06E19001635CF /* RIckYMortyUIKIt... */;
			targetProxy = 0E2E5DBF2DE06E1B001635CF /* PBXContainerItemProxy */;
		};
		0E2E5DCA2DE06E1B001635CF /* PBXTargetDependency */ = {
			isa = PBXTargetDependency;
			target = 0E2E5DA72DE06E19001635CF /* RIckYMortyUIKIt... */;
			targetProxy = 0E2E5DC92DE06E1B001635CF /* PBXContainerItemProxy */;
		};
/* End PBXTargetDependency section */

/* Begin XCBuildConfiguration section */
		0E2E5DD22DE06E1B001635CF /* Debug */ = {
			isa = XCBuildConfiguration;
			buildSettings = {
				ASSETCATALOG_COMPILER_APPICON_NAME = AppIcon;
				ASSETCATALOG_COMPILER_GLOBAL_ACCENT_COLOR_NAME = AccentColor;
				CODE_SIGN_STYLE = Automatic;
				CURRENT_PROJECT_VERSION = 1;
				DEVELOPMENT_TEAM = X65T4HCT67;
				GENERATE_INFOPLIST_FILE = YES;
				INFOPLIST_FILE = RIckYMortyUIKIt.../Info.plist;
				INFOPLIST_KEY_UIApplicationSupportsIndirectInputEvents = YES;
				INFOPLIST_KEY_UILaunchStoryboardName = LaunchScreen;
				INFOPLIST_KEY_UIMainStoryboardFile = Main;
				INFOPLIST_KEY_UISupportedInterfaceOrientations_iPad = "UIInterfaceOrientationPortrait UIInterfaceOrientationPortraitUpsideDown UIInterfaceOrientationLandscapeLeft UIInterfaceOrientationLandscapeRight";
				INFOPLIST_KEY_UISupportedInterfaceOrientations_iPhone = "UIInterfaceOrientationPortrait UIInterfaceOrientationLandscapeLeft UIInterfaceOrientationLandscapeRight";
				LD_RUNPATH_SEARCH_PATHS = (
					"$(inherited)",
					"@executable_path/Frameworks",
				);
				MARKETING_VERSION = 1.0;
				PRODUCT_BUNDLE_IDENTIFIER = "net.PlexusTech.RIckYMortyUIKIt---";
				PRODUCT_NAME = "$(TARGET_NAME)";
				SWIFT_EMIT_LOC_STRINGS = YES;
				SWIFT_VERSION = 5.0;
				TARGETED_DEVICE_FAMILY = "1,2";
			};
			name = Debug;
		};
		0E2E5DD32DE06E1B001635CF /* Release */ = {
			isa = XCBuildConfiguration;
			buildSettings = {
				ASSETCATALOG_COMPILER_APPICON_NAME = AppIcon;
				ASSETCATALOG_COMPILER_GLOBAL_ACCENT_COLOR_NAME = AccentColor;
				CODE_SIGN_STYLE = Automatic;
				CURRENT_PROJECT_VERSION = 1;
				DEVELOPMENT_TEAM = X65T4HCT67;
				GENERATE_INFOPLIST_FILE = YES;
				INFOPLIST_FILE = RIckYMortyUIKIt.../Info.plist;
				INFOPLIST_KEY_UIApplicationSupportsIndirectInputEvents = YES;
				INFOPLIST_KEY_UILaunchStoryboardName = LaunchScreen;
				INFOPLIST_KEY_UIMainStoryboardFile = Main;
				INFOPLIST_KEY_UISupportedInterfaceOrientations_iPad = "UIInterfaceOrientationPortrait UIInterfaceOrientationPortraitUpsideDown UIInterfaceOrientationLandscapeLeft UIInterfaceOrientationLandscapeRight";
				INFOPLIST_KEY_UISupportedInterfaceOrientations_iPhone = "UIInterfaceOrientationPortrait UIInterfaceOrientationLandscapeLeft UIInterfaceOrientationLandscapeRight";
				LD_RUNPATH_SEARCH_PATHS = (
					"$(inherited)",
					"@executable_path/Frameworks",
				);
				MARKETING_VERSION = 1.0;
				PRODUCT_BUNDLE_IDENTIFIER = "net.PlexusTech.RIckYMortyUIKIt---";
				PRODUCT_NAME = "$(TARGET_NAME)";
				SWIFT_EMIT_LOC_STRINGS = YES;
				SWIFT_VERSION = 5.0;
				TARGETED_DEVICE_FAMILY = "1,2";
			};
			name = Release;
		};
		0E2E5DD42DE06E1B001635CF /* Debug */ = {
			isa = XCBuildConfiguration;
			buildSettings = {
				ALWAYS_SEARCH_USER_PATHS = NO;
				ASSETCATALOG_COMPILER_GENERATE_SWIFT_ASSET_SYMBOL_EXTENSIONS = YES;
				CLANG_ANALYZER_NONNULL = YES;
				CLANG_ANALYZER_NUMBER_OBJECT_CONVERSION = YES_AGGRESSIVE;
				CLANG_CXX_LANGUAGE_STANDARD = "gnu++20";
				CLANG_ENABLE_MODULES = YES;
				CLANG_ENABLE_OBJC_ARC = YES;
				CLANG_ENABLE_OBJC_WEAK = YES;
				CLANG_WARN_BLOCK_CAPTURE_AUTORELEASING = YES;
				CLANG_WARN_BOOL_CONVERSION = YES;
				CLANG_WARN_COMMA = YES;
				CLANG_WARN_CONSTANT_CONVERSION = YES;
				CLANG_WARN_DEPRECATED_OBJC_IMPLEMENTATIONS = YES;
				CLANG_WARN_DIRECT_OBJC_ISA_USAGE = YES_ERROR;
				CLANG_WARN_DOCUMENTATION_COMMENTS = YES;
				CLANG_WARN_EMPTY_BODY = YES;
				CLANG_WARN_ENUM_CONVERSION = YES;
				CLANG_WARN_INFINITE_RECURSION = YES;
				CLANG_WARN_INT_CONVERSION = YES;
				CLANG_WARN_NON_LITERAL_NULL_CONVERSION = YES;
				CLANG_WARN_OBJC_IMPLICIT_RETAIN_SELF = YES;
				CLANG_WARN_OBJC_LITERAL_CONVERSION = YES;
				CLANG_WARN_OBJC_ROOT_CLASS = YES_ERROR;
				CLANG_WARN_QUOTED_INCLUDE_IN_FRAMEWORK_HEADER = YES;
				CLANG_WARN_RANGE_LOOP_ANALYSIS = YES;
				CLANG_WARN_STRICT_PROTOTYPES = YES;
				CLANG_WARN_SUSPICIOUS_MOVE = YES;
				CLANG_WARN_UNGUARDED_AVAILABILITY = YES_AGGRESSIVE;
				CLANG_WARN_UNREACHABLE_CODE = YES;
				CLANG_WARN__DUPLICATE_METHOD_MATCH = YES;
				COPY_PHASE_STRIP = NO;
				DEBUG_INFORMATION_FORMAT = dwarf;
				DEVELOPMENT_TEAM = X65T4HCT67;
				ENABLE_STRICT_OBJC_MSGSEND = YES;
				ENABLE_TESTABILITY = YES;
				ENABLE_USER_SCRIPT_SANDBOXING = YES;
				GCC_C_LANGUAGE_STANDARD = gnu17;
				GCC_DYNAMIC_NO_PIC = NO;
				GCC_NO_COMMON_BLOCKS = YES;
				GCC_OPTIMIZATION_LEVEL = 0;
				GCC_PREPROCESSOR_DEFINITIONS = (
					"DEBUG=1",
					"$(inherited)",
				);
				GCC_WARN_64_TO_32_BIT_CONVERSION = YES;
				GCC_WARN_ABOUT_RETURN_TYPE = YES_ERROR;
				GCC_WARN_UNDECLARED_SELECTOR = YES;
				GCC_WARN_UNINITIALIZED_AUTOS = YES_AGGRESSIVE;
				GCC_WARN_UNUSED_FUNCTION = YES;
				GCC_WARN_UNUSED_VARIABLE = YES;
				IPHONEOS_DEPLOYMENT_TARGET = 18.4;
				LOCALIZATION_PREFERS_STRING_CATALOGS = YES;
				MTL_ENABLE_DEBUG_INFO = INCLUDE_SOURCE;
				MTL_FAST_MATH = YES;
				ONLY_ACTIVE_ARCH = YES;
				SDKROOT = iphoneos;
				SWIFT_ACTIVE_COMPILATION_CONDITIONS = "DEBUG $(inherited)";
				SWIFT_OPTIMIZATION_LEVEL = "-Onone";
			};
			name = Debug;
		};
		0E2E5DD52DE06E1B001635CF /* Release */ = {
			isa = XCBuildConfiguration;
			buildSettings = {
				ALWAYS_SEARCH_USER_PATHS = NO;
				ASSETCATALOG_COMPILER_GENERATE_SWIFT_ASSET_SYMBOL_EXTENSIONS = YES;
				CLANG_ANALYZER_NONNULL = YES;
				CLANG_ANALYZER_NUMBER_OBJECT_CONVERSION = YES_AGGRESSIVE;
				CLANG_CXX_LANGUAGE_STANDARD = "gnu++20";
				CLANG_ENABLE_MODULES = YES;
				CLANG_ENABLE_OBJC_ARC = YES;
				CLANG_ENABLE_OBJC_WEAK = YES;
				CLANG_WARN_BLOCK_CAPTURE_AUTORELEASING = YES;
				CLANG_WARN_BOOL_CONVERSION = YES;
				CLANG_WARN_COMMA = YES;
				CLANG_WARN_CONSTANT_CONVERSION = YES;
				CLANG_WARN_DEPRECATED_OBJC_IMPLEMENTATIONS = YES;
				CLANG_WARN_DIRECT_OBJC_ISA_USAGE = YES_ERROR;
				CLANG_WARN_DOCUMENTATION_COMMENTS = YES;
				CLANG_WARN_EMPTY_BODY = YES;
				CLANG_WARN_ENUM_CONVERSION = YES;
				CLANG_WARN_INFINITE_RECURSION = YES;
				CLANG_WARN_INT_CONVERSION = YES;
				CLANG_WARN_NON_LITERAL_NULL_CONVERSION = YES;
				CLANG_WARN_OBJC_IMPLICIT_RETAIN_SELF = YES;
				CLANG_WARN_OBJC_LITERAL_CONVERSION = YES;
				CLANG_WARN_OBJC_ROOT_CLASS = YES_ERROR;
				CLANG_WARN_QUOTED_INCLUDE_IN_FRAMEWORK_HEADER = YES;
				CLANG_WARN_RANGE_LOOP_ANALYSIS = YES;
				CLANG_WARN_STRICT_PROTOTYPES = YES;
				CLANG_WARN_SUSPICIOUS_MOVE = YES;
				CLANG_WARN_UNGUARDED_AVAILABILITY = YES_AGGRESSIVE;
				CLANG_WARN_UNREACHABLE_CODE = YES;
				CLANG_WARN__DUPLICATE_METHOD_MATCH = YES;
				COPY_PHASE_STRIP = NO;
				DEBUG_INFORMATION_FORMAT = "dwarf-with-dsym";
				DEVELOPMENT_TEAM = X65T4HCT67;
				ENABLE_NS_ASSERTIONS = NO;
				ENABLE_STRICT_OBJC_MSGSEND = YES;
				ENABLE_USER_SCRIPT_SANDBOXING = YES;
				GCC_C_LANGUAGE_STANDARD = gnu17;
				GCC_NO_COMMON_BLOCKS = YES;
				GCC_WARN_64_TO_32_BIT_CONVERSION = YES;
				GCC_WARN_ABOUT_RETURN_TYPE = YES_ERROR;
				GCC_WARN_UNDECLARED_SELECTOR = YES;
				GCC_WARN_UNINITIALIZED_AUTOS = YES_AGGRESSIVE;
				GCC_WARN_UNUSED_FUNCTION = YES;
				GCC_WARN_UNUSED_VARIABLE = YES;
				IPHONEOS_DEPLOYMENT_TARGET = 18.4;
				LOCALIZATION_PREFERS_STRING_CATALOGS = YES;
				MTL_ENABLE_DEBUG_INFO = NO;
				MTL_FAST_MATH = YES;
				SDKROOT = iphoneos;
				SWIFT_COMPILATION_MODE = wholemodule;
				VALIDATE_PRODUCT = YES;
			};
			name = Release;
		};
		0E2E5DD72DE06E1B001635CF /* Debug */ = {
			isa = XCBuildConfiguration;
			buildSettings = {
				BUNDLE_LOADER = "$(TEST_HOST)";
				CODE_SIGN_STYLE = Automatic;
				CURRENT_PROJECT_VERSION = 1;
				DEVELOPMENT_TEAM = X65T4HCT67;
				GENERATE_INFOPLIST_FILE = YES;
				IPHONEOS_DEPLOYMENT_TARGET = 18.4;
				MARKETING_VERSION = 1.0;
				PRODUCT_BUNDLE_IDENTIFIER = "net.PlexusTech.RIckYMortyUIKIt---Tests";
				PRODUCT_NAME = "$(TARGET_NAME)";
				SWIFT_EMIT_LOC_STRINGS = NO;
				SWIFT_VERSION = 5.0;
				TARGETED_DEVICE_FAMILY = "1,2";
				TEST_HOST = "$(BUILT_PRODUCTS_DIR)/RIckYMortyUIKIt....app/$(BUNDLE_EXECUTABLE_FOLDER_PATH)/RIckYMortyUIKIt...";
			};
			name = Debug;
		};
		0E2E5DD82DE06E1B001635CF /* Release */ = {
			isa = XCBuildConfiguration;
			buildSettings = {
				BUNDLE_LOADER = "$(TEST_HOST)";
				CODE_SIGN_STYLE = Automatic;
				CURRENT_PROJECT_VERSION = 1;
				DEVELOPMENT_TEAM = X65T4HCT67;
				GENERATE_INFOPLIST_FILE = YES;
				IPHONEOS_DEPLOYMENT_TARGET = 18.4;
				MARKETING_VERSION = 1.0;
				PRODUCT_BUNDLE_IDENTIFIER = "net.PlexusTech.RIckYMortyUIKIt---Tests";
				PRODUCT_NAME = "$(TARGET_NAME)";
				SWIFT_EMIT_LOC_STRINGS = NO;
				SWIFT_VERSION = 5.0;
				TARGETED_DEVICE_FAMILY = "1,2";
				TEST_HOST = "$(BUILT_PRODUCTS_DIR)/RIckYMortyUIKIt....app/$(BUNDLE_EXECUTABLE_FOLDER_PATH)/RIckYMortyUIKIt...";
			};
			name = Release;
		};
		0E2E5DDA2DE06E1B001635CF /* Debug */ = {
			isa = XCBuildConfiguration;
			buildSettings = {
				CODE_SIGN_STYLE = Automatic;
				CURRENT_PROJECT_VERSION = 1;
				DEVELOPMENT_TEAM = X65T4HCT67;
				GENERATE_INFOPLIST_FILE = YES;
				MARKETING_VERSION = 1.0;
				PRODUCT_BUNDLE_IDENTIFIER = "net.PlexusTech.RIckYMortyUIKIt---UITests";
				PRODUCT_NAME = "$(TARGET_NAME)";
				SWIFT_EMIT_LOC_STRINGS = NO;
				SWIFT_VERSION = 5.0;
				TARGETED_DEVICE_FAMILY = "1,2";
				TEST_TARGET_NAME = RIckYMortyUIKIt...;
			};
			name = Debug;
		};
		0E2E5DDB2DE06E1B001635CF /* Release */ = {
			isa = XCBuildConfiguration;
			buildSettings = {
				CODE_SIGN_STYLE = Automatic;
				CURRENT_PROJECT_VERSION = 1;
				DEVELOPMENT_TEAM = X65T4HCT67;
				GENERATE_INFOPLIST_FILE = YES;
				MARKETING_VERSION = 1.0;
				PRODUCT_BUNDLE_IDENTIFIER = "net.PlexusTech.RIckYMortyUIKIt---UITests";
				PRODUCT_NAME = "$(TARGET_NAME)";
				SWIFT_EMIT_LOC_STRINGS = NO;
				SWIFT_VERSION = 5.0;
				TARGETED_DEVICE_FAMILY = "1,2";
				TEST_TARGET_NAME = RIckYMortyUIKIt...;
			};
			name = Release;
		};
/* End XCBuildConfiguration section */

/* Begin XCConfigurationList section */
		0E2E5DA32DE06E19001635CF /* Build configuration list for PBXProject "RIckYMortyUIKIt..." */ = {
			isa = XCConfigurationList;
			buildConfigurations = (
				0E2E5DD42DE06E1B001635CF /* Debug */,
				0E2E5DD52DE06E1B001635CF /* Release */,
			);
			defaultConfigurationIsVisible = 0;
			defaultConfigurationName = Release;
		};
		0E2E5DD12DE06E1B001635CF /* Build configuration list for PBXNativeTarget "RIckYMortyUIKIt..." */ = {
			isa = XCConfigurationList;
			buildConfigurations = (
				0E2E5DD22DE06E1B001635CF /* Debug */,
				0E2E5DD32DE06E1B001635CF /* Release */,
			);
			defaultConfigurationIsVisible = 0;
			defaultConfigurationName = Release;
		};
		0E2E5DD62DE06E1B001635CF /* Build configuration list for PBXNativeTarget "RIckYMortyUIKIt...Tests" */ = {
			isa = XCConfigurationList;
			buildConfigurations = (
				0E2E5DD72DE06E1B001635CF /* Debug */,
				0E2E5DD82DE06E1B001635CF /* Release */,
			);
			defaultConfigurationIsVisible = 0;
			defaultConfigurationName = Release;
		};
		0E2E5DD92DE06E1B001635CF /* Build configuration list for PBXNativeTarget "RIckYMortyUIKIt...UITests" */ = {
			isa = XCConfigurationList;
			buildConfigurations = (
				0E2E5DDA2DE06E1B001635CF /* Debug */,
				0E2E5DDB2DE06E1B001635CF /* Release */,
			);
			defaultConfigurationIsVisible = 0;
			defaultConfigurationName = Release;
		};
/* End XCConfigurationList section */
	};
	rootObject = 0E2E5DA02DE06E19001635CF /* Project object */;
}
